<?xml version="1.0" encoding="utf-8"?>
<Project ToolsVersion="4.0" xmlns="http://schemas.microsoft.com/developer/msbuild/2003">
  <ItemGroup>
    <Filter Include="Source Files">
      <UniqueIdentifier>{4FC737F1-C7A5-4376-A066-2A32D752A2FF}</UniqueIdentifier>
      <Extensions>cpp;c;cc;cxx;def;odl;idl;hpj;bat;asm;asmx</Extensions>
    </Filter>
    <Filter Include="Header Files">
      <UniqueIdentifier>{93995380-89BD-4b04-88EB-625FBE52EBFB}</UniqueIdentifier>
      <Extensions>h;hh;hpp;hxx;hm;inl;inc;xsd</Extensions>
    </Filter>
    <Filter Include="Resource Files">
      <UniqueIdentifier>{67DA6AB6-F800-4c08-8B7A-83BB121AAD01}</UniqueIdentifier>
      <Extensions>rc;ico;cur;bmp;dlg;rc2;rct;bin;rgs;gif;jpg;jpeg;jpe;resx;tiff;tif;png;wav</Extensions>
    </Filter>
    <Filter Include="Header Files\Render">
      <UniqueIdentifier>{db658786-650f-41c9-81a5-0d534ce13a84}</UniqueIdentifier>
    </Filter>
    <Filter Include="Source Files\Render">
      <UniqueIdentifier>{ad504803-7530-4306-a3a3-0c7e9c093b3b}</UniqueIdentifier>
    </Filter>
    <Filter Include="Header Files\Util">
      <UniqueIdentifier>{7b48e5ba-d6ba-45a9-9c60-7d7d1a18a6ec}</UniqueIdentifier>
    </Filter>
    <Filter Include="Source Files\Util">
      <UniqueIdentifier>{011f06ef-24a2-4dc2-992d-bf1c55b25dba}</UniqueIdentifier>
    </Filter>
  </ItemGroup>
  <ItemGroup>
    <ClCompile Include="consoleapplication_baraffbridson\Main.cpp">
      <Filter>Source Files</Filter>
    </ClCompile>
    <ClCompile Include="consoleapplication_baraffbridson\Mesh.cpp">
      <Filter>Source Files\Render</Filter>
    </ClCompile>
    <ClCompile Include="consoleapplication_baraffbridson\Model.cpp">
      <Filter>Source Files\Render</Filter>
    </ClCompile>
    <ClCompile Include="consoleapplication_baraffbridson\Shader.cpp">
      <Filter>Source Files\Render</Filter>
    </ClCompile>
    <ClCompile Include="consoleapplication_baraffbridson\texture.cpp">
      <Filter>Source Files\Render</Filter>
    </ClCompile>
    <ClCompile Include="consoleapplication_baraffbridson\BasicOperations.cpp">
      <Filter>Source Files\Util</Filter>
    </ClCompile>
    <ClCompile Include="consoleapplication_baraffbridson\ResourceManager.cpp">
      <Filter>Source Files\Render</Filter>
    </ClCompile>
    <ClCompile Include="ConsoleApplication_BaraffBridson\BaraffPhysics.cpp">
      <Filter>Source Files</Filter>
    </ClCompile>
    <ClCompile Include="consoleapplication_baraffbridson\BaraffMPCGSolver.cpp">
      <Filter>Source Files</Filter>
    </ClCompile>
    <ClCompile Include="consoleapplication_baraffbridson\BaraffDynamics.cpp">
      <Filter>Source Files</Filter>
    </ClCompile>
    <ClCompile Include="ConsoleApplication_BaraffBridson\Screen.cpp">
      <Filter>Source Files\Render</Filter>
    </ClCompile>
    <ClCompile Include="ConsoleApplication_BaraffBridson\Scene.cpp">
      <Filter>Source Files\Render</Filter>
    </ClCompile>
    <ClCompile Include="ConsoleApplication_BaraffBridson\Simulator.cpp">
      <Filter>Source Files</Filter>
    </ClCompile>
    <ClCompile Include="ConsoleApplication_BaraffBridson\Config.cpp">
      <Filter>Source Files</Filter>
    </ClCompile>
    <ClCompile Include="ConsoleApplication_BaraffBridson\EventManager.cpp">
      <Filter>Source Files\Render</Filter>
    </ClCompile>
    <ClCompile Include="ConsoleApplication_BaraffBridson\AABBTree\AABBTree.cpp">
      <Filter>Source Files\Util</Filter>
    </ClCompile>
    <ClCompile Include="ConsoleApplication_BaraffBridson\OtaduyContact.cpp">
      <Filter>Source Files</Filter>
    </ClCompile>
    <ClCompile Include="consoleapplication_baraffbridson\SurfaceMeshObject.cpp">
      <Filter>Source Files</Filter>
    </ClCompile>
    <ClCompile Include="ConsoleApplication_BaraffBridson\Profile.cpp">
      <Filter>Source Files\Util</Filter>
    </ClCompile>
    <ClCompile Include="ConsoleApplication_BaraffBridson\Clock.cpp">
      <Filter>Source Files\Util</Filter>
    </ClCompile>
    <ClCompile Include="ConsoleApplication_BaraffBridson\ContactHandler.cpp">
      <Filter>Source Files</Filter>
    </ClCompile>
    <ClCompile Include="ConsoleApplication_BaraffBridson\DebugRenderer.cpp">
      <Filter>Source Files\Util</Filter>
    </ClCompile>
  </ItemGroup>
  <ItemGroup>
    <ClInclude Include="consoleapplication_baraffbridson\EigenMatScalar.h">
      <Filter>Header Files</Filter>
    </ClInclude>
    <ClInclude Include="consoleapplication_baraffbridson\Types.h">
      <Filter>Header Files</Filter>
    </ClInclude>
    <ClInclude Include="consoleapplication_baraffbridson\Camera.h">
      <Filter>Header Files\Render</Filter>
    </ClInclude>
    <ClInclude Include="consoleapplication_baraffbridson\Mesh.h">
      <Filter>Header Files\Render</Filter>
    </ClInclude>
    <ClInclude Include="consoleapplication_baraffbridson\Model.h">
      <Filter>Header Files\Render</Filter>
    </ClInclude>
    <ClInclude Include="consoleapplication_baraffbridson\ResourceManager.h">
      <Filter>Header Files\Render</Filter>
    </ClInclude>
    <ClInclude Include="consoleapplication_baraffbridson\Shader.h">
      <Filter>Header Files\Render</Filter>
    </ClInclude>
    <ClInclude Include="consoleapplication_baraffbridson\texture.h">
      <Filter>Header Files\Render</Filter>
    </ClInclude>
    <ClInclude Include="consoleapplication_baraffbridson\BasicOperations.h">
      <Filter>Header Files\Util</Filter>
    </ClInclude>
    <ClInclude Include="consoleapplication_baraffbridson\Test.h">
      <Filter>Header Files\Util</Filter>
    </ClInclude>
    <ClInclude Include="ConsoleApplication_BaraffBridson\OpenGLContext.h">
      <Filter>Header Files\Util</Filter>
    </ClInclude>
    <ClInclude Include="consoleapplication_baraffbridson\EventManager.h">
      <Filter>Header Files\Render</Filter>
    </ClInclude>
    <ClInclude Include="ConsoleApplication_BaraffBridson\BaraffPhysics.h">
      <Filter>Header Files</Filter>
    </ClInclude>
    <ClInclude Include="consoleapplication_baraffbridson\BaraffMPCGSolver.h">
      <Filter>Header Files</Filter>
    </ClInclude>
    <ClInclude Include="consoleapplication_baraffbridson\BaraffDynamics.h">
      <Filter>Header Files</Filter>
    </ClInclude>
    <ClInclude Include="ConsoleApplication_BaraffBridson\Screen.h">
      <Filter>Header Files\Render</Filter>
    </ClInclude>
    <ClInclude Include="ConsoleApplication_BaraffBridson\Simulator.h">
      <Filter>Header Files</Filter>
    </ClInclude>
    <ClInclude Include="ConsoleApplication_BaraffBridson\Config.h">
      <Filter>Header Files</Filter>
    </ClInclude>
    <ClInclude Include="ConsoleApplication_BaraffBridson\Clock.h">
      <Filter>Header Files\Util</Filter>
    </ClInclude>
    <ClInclude Include="ConsoleApplication_BaraffBridson\Scene.h">
      <Filter>Header Files\Render</Filter>
    </ClInclude>
    <ClInclude Include="ConsoleApplication_BaraffBridson\AABBTree\AABBTree.h">
      <Filter>Header Files\Util</Filter>
    </ClInclude>
    <ClInclude Include="ConsoleApplication_BaraffBridson\BasicTypes.h">
      <Filter>Header Files\Util</Filter>
    </ClInclude>
    <ClInclude Include="ConsoleApplication_BaraffBridson\OtaduyContact.h">
      <Filter>Header Files</Filter>
    </ClInclude>
    <ClInclude Include="ConsoleApplication_BaraffBridson\Geometry.h">
      <Filter>Header Files\Util</Filter>
    </ClInclude>
    <ClInclude Include="consoleapplication_baraffbridson\SurfaceMeshObject.h">
      <Filter>Header Files</Filter>
    </ClInclude>
    <ClInclude Include="ConsoleApplication_BaraffBridson\Profile.h">
      <Filter>Header Files\Util</Filter>
    </ClInclude>
    <ClInclude Include="ConsoleApplication_BaraffBridson\SpatialHashing.h">
      <Filter>Header Files</Filter>
    </ClInclude>
    <ClInclude Include="ConsoleApplication_BaraffBridson\ContactHandler.h">
      <Filter>Header Files</Filter>
    </ClInclude>
    <ClInclude Include="ConsoleApplication_BaraffBridson\DebugRenderer.h">
      <Filter>Header Files\Util</Filter>
    </ClInclude>
    <ClInclude Include="ConsoleApplication_BaraffBridson\Singleton.h">
      <Filter>Header Files\Util</Filter>
    </ClInclude>
  </ItemGroup>
  <ItemGroup>
    <None Include="ConsoleApplication_BaraffBridson\model_loading.vs">
      <Filter>Resource Files</Filter>
    </None>
    <None Include="ConsoleApplication_BaraffBridson\cloth_piece.vs">
      <Filter>Resource Files</Filter>
    </None>
    <None Include="ConsoleApplication_BaraffBridson\background_cube.vs">
      <Filter>Resource Files</Filter>
    </None>
    <None Include="ConsoleApplication_BaraffBridson\model_loading.frag">
      <Filter>Resource Files</Filter>
    </None>
    <None Include="ConsoleApplication_BaraffBridson\cloth_piece.frag">
      <Filter>Resource Files</Filter>
    </None>
    <None Include="ConsoleApplication_BaraffBridson\background_cube.frag">
      <Filter>Resource Files</Filter>
    </None>
    <None Include="ConsoleApplication_BaraffBridson\cloth_piece_debug.frag">
      <Filter>Resource Files</Filter>
    </None>
    <None Include="ConsoleApplication_BaraffBridson\cloth_piece_debug.gs">
      <Filter>Resource Files</Filter>
    </None>
    <None Include="ConsoleApplication_BaraffBridson\cloth_piece_debug.vs">
      <Filter>Resource Files</Filter>
    </None>
    <None Include="ConsoleApplication_BaraffBridson\bounding_box.frag">
      <Filter>Resource Files</Filter>
    </None>
    <None Include="ConsoleApplication_BaraffBridson\bounding_box.gs">
      <Filter>Resource Files</Filter>
    </None>
    <None Include="ConsoleApplication_BaraffBridson\bounding_box.vs">
      <Filter>Resource Files</Filter>
    </None>
    <None Include="ConsoleApplication_BaraffBridson\rigid_body.frag">
      <Filter>Resource Files</Filter>
    </None>
    <None Include="ConsoleApplication_BaraffBridson\rigid_body.vs">
      <Filter>Resource Files</Filter>
    </None>
    <None Include="ConsoleApplication_BaraffBridson\contact_point.frag">
      <Filter>Resource Files</Filter>
    </None>
    <None Include="ConsoleApplication_BaraffBridson\contact_point.vs">
      <Filter>Resource Files</Filter>
    </None>
    <None Include="ConsoleApplication_BaraffBridson\debug_render.frag">
      <Filter>Resource Files</Filter>
    </None>
    <None Include="ConsoleApplication_BaraffBridson\debug_render.vs">
      <Filter>Resource Files</Filter>
    </None>
  </ItemGroup>
</Project>