<?xml version="1.0" encoding="utf-8"?>
<Project ToolsVersion="4.0" xmlns="http://schemas.microsoft.com/developer/msbuild/2003">
  <ItemGroup>
    <Filter Include="Source Files">
      <UniqueIdentifier>{4FC737F1-C7A5-4376-A066-2A32D752A2FF}</UniqueIdentifier>
      <Extensions>cpp;c;cc;cxx;def;odl;idl;hpj;bat;asm;asmx</Extensions>
    </Filter>
    <Filter Include="Header Files">
      <UniqueIdentifier>{93995380-89BD-4b04-88EB-625FBE52EBFB}</UniqueIdentifier>
      <Extensions>h;hh;hpp;hxx;hm;inl;inc;xsd</Extensions>
    </Filter>
    <Filter Include="Resource Files">
      <UniqueIdentifier>{67DA6AB6-F800-4c08-8B7A-83BB121AAD01}</UniqueIdentifier>
      <Extensions>rc;ico;cur;bmp;dlg;rc2;rct;bin;rgs;gif;jpg;jpeg;jpe;resx;tiff;tif;png;wav;mfcribbon-ms</Extensions>
    </Filter>
    <Filter Include="Source Files\Render">
      <UniqueIdentifier>{c865a57a-556e-4e7d-af26-bc4de3e904b7}</UniqueIdentifier>
    </Filter>
    <Filter Include="Header Files\Render">
      <UniqueIdentifier>{596dc8e2-2c3a-4ec4-9ccf-6bc30b10705d}</UniqueIdentifier>
    </Filter>
    <Filter Include="Header Files\Utils">
      <UniqueIdentifier>{45ee0109-1693-42c6-9e69-771b832288d5}</UniqueIdentifier>
    </Filter>
    <Filter Include="Source Files\Utils">
      <UniqueIdentifier>{4adcdde9-88cd-45f0-9308-7efa42193f8f}</UniqueIdentifier>
    </Filter>
  </ItemGroup>
  <ItemGroup>
    <ClCompile Include="Control.cpp">
      <Filter>Source Files\Render</Filter>
    </ClCompile>
    <ClCompile Include="Main.cpp">
      <Filter>Source Files</Filter>
    </ClCompile>
    <ClCompile Include="Mesh.cpp">
      <Filter>Source Files\Render</Filter>
    </ClCompile>
    <ClCompile Include="Model.cpp">
      <Filter>Source Files\Render</Filter>
    </ClCompile>
    <ClCompile Include="ResourceManager.cpp">
      <Filter>Source Files\Render</Filter>
    </ClCompile>
    <ClCompile Include="Shader.cpp">
      <Filter>Source Files\Render</Filter>
    </ClCompile>
    <ClCompile Include="texture.cpp">
      <Filter>Source Files\Render</Filter>
    </ClCompile>
    <ClCompile Include="ClothPiece.cpp">
      <Filter>Source Files</Filter>
    </ClCompile>
    <ClCompile Include="BaraffRequire.cpp">
      <Filter>Source Files</Filter>
    </ClCompile>
    <ClCompile Include="ConjugateGradientSolver.cpp">
      <Filter>Source Files</Filter>
    </ClCompile>
    <ClCompile Include="Simulate.cpp">
      <Filter>Source Files</Filter>
    </ClCompile>
    <ClCompile Include="BasicOperations.cpp">
      <Filter>Source Files\Utils</Filter>
    </ClCompile>
  </ItemGroup>
  <ItemGroup>
    <ClInclude Include="texture.h">
      <Filter>Header Files\Render</Filter>
    </ClInclude>
    <ClInclude Include="Camera.h">
      <Filter>Header Files\Render</Filter>
    </ClInclude>
    <ClInclude Include="Control.h">
      <Filter>Header Files\Render</Filter>
    </ClInclude>
    <ClInclude Include="Model.h">
      <Filter>Header Files\Render</Filter>
    </ClInclude>
    <ClInclude Include="Mesh.h">
      <Filter>Header Files\Render</Filter>
    </ClInclude>
    <ClInclude Include="ResourceManager.h">
      <Filter>Header Files\Render</Filter>
    </ClInclude>
    <ClInclude Include="Shader.h">
      <Filter>Header Files\Render</Filter>
    </ClInclude>
    <ClInclude Include="ClothPiece.h">
      <Filter>Header Files</Filter>
    </ClInclude>
    <ClInclude Include="BaraffRequire.h">
      <Filter>Header Files</Filter>
    </ClInclude>
    <ClInclude Include="EigenMatScalar.h">
      <Filter>Header Files</Filter>
    </ClInclude>
    <ClInclude Include="ConjugateGradientSolver.h">
      <Filter>Header Files</Filter>
    </ClInclude>
    <ClInclude Include="Simulate.h">
      <Filter>Header Files</Filter>
    </ClInclude>
    <ClInclude Include="Test.h">
      <Filter>Header Files</Filter>
    </ClInclude>
    <ClInclude Include="BasicOperations.h">
      <Filter>Header Files\Utils</Filter>
    </ClInclude>
    <ClInclude Include="Types.h">
      <Filter>Header Files\Utils</Filter>
    </ClInclude>
  </ItemGroup>
  <ItemGroup>
    <None Include="model_loading.vs">
      <Filter>Resource Files</Filter>
    </None>
    <None Include="model_loading.frag">
      <Filter>Resource Files</Filter>
    </None>
    <None Include="background_cube.vs">
      <Filter>Resource Files</Filter>
    </None>
    <None Include="background_cube.frag">
      <Filter>Resource Files</Filter>
    </None>
    <None Include="cloth_piece.frag">
      <Filter>Resource Files</Filter>
    </None>
    <None Include="cloth_piece.vs">
      <Filter>Resource Files</Filter>
    </None>
  </ItemGroup>
</Project>